
Microsoft Visual Studio Solution File, Format Version 12.00
# Visual Studio Version 17
VisualStudioVersion = 17.2.32526.322
MinimumVisualStudioVersion = 10.0.40219.1
Project("{FAE04EC0-301F-11D3-BF4B-00C04F79EFBC}") = "Xcersise.Api", "Xcersise.Api\Xcersise.Api.csproj", "{285993F1-4A6C-4326-9441-FC3D98FC69BA}"
EndProject
Global
	GlobalSection(SolutionConfigurationPlatforms) = preSolution
		Debug|Any CPU = Debug|Any CPU
		Release|Any CPU = Release|Any CPU
	EndGlobalSection
	GlobalSection(ProjectConfigurationPlatforms) = postSolution
		{285993F1-4A6C-4326-9441-FC3D98FC69BA}.Debug|Any CPU.ActiveCfg = Debug|Any CPU
		{285993F1-4A6C-4326-9441-FC3D98FC69BA}.Debug|Any CPU.Build.0 = Debug|Any CPU
		{285993F1-4A6C-4326-9441-FC3D98FC69BA}.Release|Any CPU.ActiveCfg = Release|Any CPU
		{285993F1-4A6C-4326-9441-FC3D98FC69BA}.Release|Any CPU.Build.0 = Release|Any CPU
	EndGlobalSection
	GlobalSection(SolutionProperties) = preSolution
		HideSolutionNode = FALSE
	EndGlobalSection
	GlobalSection(ExtensibilityGlobals) = postSolution
		SolutionGuid = {B81CA056-D4A1-45B2-95EB-E140A0D8B5BA}
	EndGlobalSection
EndGlobal
